
Microsoft Visual Studio Solution File, Format Version 12.00
# Visual Studio Version 16
VisualStudioVersion = 16.0.29709.97
MinimumVisualStudioVersion = 10.0.40219.1
Project("{9A19103F-16F7-4668-BE54-9A1E7A4F7556}") = "StockAnalyzer.MacOS", "StockAnalyzer.MacOS\StockAnalyzer.MacOS.csproj", "{3E5D2119-5AFF-4B75-96F7-D6491C478719}"
EndProject
Project("{9A19103F-16F7-4668-BE54-9A1E7A4F7556}") = "StockAnalyzer.Core", "StockAnalyzer.Core\StockAnalyzer.Core.csproj", "{70DFC459-BBFD-43C8-A915-4F98C8EEE614}"
EndProject
Project("{FAE04EC0-301F-11D3-BF4B-00C04F79EFBC}") = "StockAnalyzer.Web", "StockAnalyzer.Web\StockAnalyzer.Web.csproj", "{06EC389B-57C9-4A20-B3B5-B88BE518D3BC}"
EndProject
Global
	GlobalSection(SolutionConfigurationPlatforms) = preSolution
		Debug|Any CPU = Debug|Any CPU
		Release|Any CPU = Release|Any CPU
	EndGlobalSection
	GlobalSection(ProjectConfigurationPlatforms) = postSolution
		{3E5D2119-5AFF-4B75-96F7-D6491C478719}.Debug|Any CPU.ActiveCfg = Debug|Any CPU
		{3E5D2119-5AFF-4B75-96F7-D6491C478719}.Debug|Any CPU.Build.0 = Debug|Any CPU
		{3E5D2119-5AFF-4B75-96F7-D6491C478719}.Release|Any CPU.ActiveCfg = Release|Any CPU
		{3E5D2119-5AFF-4B75-96F7-D6491C478719}.Release|Any CPU.Build.0 = Release|Any CPU
		{70DFC459-BBFD-43C8-A915-4F98C8EEE614}.Debug|Any CPU.ActiveCfg = Debug|Any CPU
		{70DFC459-BBFD-43C8-A915-4F98C8EEE614}.Debug|Any CPU.Build.0 = Debug|Any CPU
		{70DFC459-BBFD-43C8-A915-4F98C8EEE614}.Release|Any CPU.ActiveCfg = Release|Any CPU
		{70DFC459-BBFD-43C8-A915-4F98C8EEE614}.Release|Any CPU.Build.0 = Release|Any CPU
		{06EC389B-57C9-4A20-B3B5-B88BE518D3BC}.Debug|Any CPU.ActiveCfg = Debug|Any CPU
		{06EC389B-57C9-4A20-B3B5-B88BE518D3BC}.Debug|Any CPU.Build.0 = Debug|Any CPU
		{06EC389B-57C9-4A20-B3B5-B88BE518D3BC}.Release|Any CPU.ActiveCfg = Release|Any CPU
		{06EC389B-57C9-4A20-B3B5-B88BE518D3BC}.Release|Any CPU.Build.0 = Release|Any CPU
	EndGlobalSection
	GlobalSection(SolutionProperties) = preSolution
		HideSolutionNode = FALSE
	EndGlobalSection
	GlobalSection(ExtensibilityGlobals) = postSolution
		SolutionGuid = {0DB4AD09-3F7C-47B9-A956-8C311BB61853}
	EndGlobalSection
EndGlobal
