
Microsoft Visual Studio Solution File, Format Version 12.00
# Visual Studio Version 16
VisualStudioVersion = 16.0.29519.87
MinimumVisualStudioVersion = 10.0.40219.1
Project("{FAE04EC0-301F-11D3-BF4B-00C04F79EFBC}") = "StockAnalyzer.Windows", "StockAnalyzer.Windows\StockAnalyzer.Windows.csproj", "{C8F01325-3AA2-4435-A55F-CF411820FB90}"
EndProject
Project("{9A19103F-16F7-4668-BE54-9A1E7A4F7556}") = "StockAnalyzer.Core", "StockAnalyzer.Core\StockAnalyzer.Core.csproj", "{4571844D-AD38-44DA-B934-980858C5EB00}"
EndProject
Project("{FAE04EC0-301F-11D3-BF4B-00C04F79EFBC}") = "StockAnalyzer.Web", "StockAnalyzer.Web\StockAnalyzer.Web.csproj", "{06EC389B-57C9-4A20-B3B5-B88BE518D3BC}"
EndProject
Project("{FAE04EC0-301F-11D3-BF4B-00C04F79EFBC}") = "StockAnalyzer.Windows.Core", "StockAnalyzer.Windows.Core\StockAnalyzer.Windows.Core.csproj", "{87D75007-BCF5-4767-8E06-CD18E28CB8B5}"
EndProject
Global
	GlobalSection(SolutionConfigurationPlatforms) = preSolution
		Debug|Any CPU = Debug|Any CPU
		Release|Any CPU = Release|Any CPU
	EndGlobalSection
	GlobalSection(ProjectConfigurationPlatforms) = postSolution
		{C8F01325-3AA2-4435-A55F-CF411820FB90}.Debug|Any CPU.ActiveCfg = Debug|Any CPU
		{C8F01325-3AA2-4435-A55F-CF411820FB90}.Debug|Any CPU.Build.0 = Debug|Any CPU
		{C8F01325-3AA2-4435-A55F-CF411820FB90}.Release|Any CPU.ActiveCfg = Release|Any CPU
		{C8F01325-3AA2-4435-A55F-CF411820FB90}.Release|Any CPU.Build.0 = Release|Any CPU
		{4571844D-AD38-44DA-B934-980858C5EB00}.Debug|Any CPU.ActiveCfg = Debug|Any CPU
		{4571844D-AD38-44DA-B934-980858C5EB00}.Debug|Any CPU.Build.0 = Debug|Any CPU
		{4571844D-AD38-44DA-B934-980858C5EB00}.Release|Any CPU.ActiveCfg = Release|Any CPU
		{4571844D-AD38-44DA-B934-980858C5EB00}.Release|Any CPU.Build.0 = Release|Any CPU
		{06EC389B-57C9-4A20-B3B5-B88BE518D3BC}.Debug|Any CPU.ActiveCfg = Debug|Any CPU
		{06EC389B-57C9-4A20-B3B5-B88BE518D3BC}.Debug|Any CPU.Build.0 = Debug|Any CPU
		{06EC389B-57C9-4A20-B3B5-B88BE518D3BC}.Release|Any CPU.ActiveCfg = Release|Any CPU
		{06EC389B-57C9-4A20-B3B5-B88BE518D3BC}.Release|Any CPU.Build.0 = Release|Any CPU
		{87D75007-BCF5-4767-8E06-CD18E28CB8B5}.Debug|Any CPU.ActiveCfg = Debug|Any CPU
		{87D75007-BCF5-4767-8E06-CD18E28CB8B5}.Debug|Any CPU.Build.0 = Debug|Any CPU
		{87D75007-BCF5-4767-8E06-CD18E28CB8B5}.Release|Any CPU.ActiveCfg = Release|Any CPU
		{87D75007-BCF5-4767-8E06-CD18E28CB8B5}.Release|Any CPU.Build.0 = Release|Any CPU
	EndGlobalSection
	GlobalSection(SolutionProperties) = preSolution
		HideSolutionNode = FALSE
	EndGlobalSection
	GlobalSection(ExtensibilityGlobals) = postSolution
		SolutionGuid = {E7D0BC42-793A-4E5C-A148-955F6187C3FC}
	EndGlobalSection
EndGlobal
